
Microsoft Visual Studio Solution File, Format Version 12.00
# Visual Studio Version 17
VisualStudioVersion = 17.14.36414.22 d17.14
MinimumVisualStudioVersion = 10.0.40219.1
Project("{FAE04EC0-301F-11D3-BF4B-00C04F79EFBC}") = "Ubod_PolymorphismUserInput", "Ubod_PolymorphismUserInput\Ubod_PolymorphismUserInput.csproj", "{ED0012BC-C44A-45CD-AFCA-4AC76481B4EC}"
EndProject
Global
	GlobalSection(SolutionConfigurationPlatforms) = preSolution
		Debug|Any CPU = Debug|Any CPU
		Release|Any CPU = Release|Any CPU
	EndGlobalSection
	GlobalSection(ProjectConfigurationPlatforms) = postSolution
		{ED0012BC-C44A-45CD-AFCA-4AC76481B4EC}.Debug|Any CPU.ActiveCfg = Debug|Any CPU
		{ED0012BC-C44A-45CD-AFCA-4AC76481B4EC}.Debug|Any CPU.Build.0 = Debug|Any CPU
		{ED0012BC-C44A-45CD-AFCA-4AC76481B4EC}.Release|Any CPU.ActiveCfg = Release|Any CPU
		{ED0012BC-C44A-45CD-AFCA-4AC76481B4EC}.Release|Any CPU.Build.0 = Release|Any CPU
	EndGlobalSection
	GlobalSection(SolutionProperties) = preSolution
		HideSolutionNode = FALSE
	EndGlobalSection
	GlobalSection(ExtensibilityGlobals) = postSolution
		SolutionGuid = {50574987-4891-4C31-8C76-E48A021A8586}
	EndGlobalSection
EndGlobal
