
Microsoft Visual Studio Solution File, Format Version 12.00
# Visual Studio Version 17
VisualStudioVersion = 17.14.36414.22 d17.14
MinimumVisualStudioVersion = 10.0.40219.1
Project("{FAE04EC0-301F-11D3-BF4B-00C04F79EFBC}") = "Ubod_OOPUserInput", "Ubod_OOPUserInput\Ubod_OOPUserInput.csproj", "{D743D1DC-F2AB-4461-B078-5E35C1D6F51F}"
EndProject
Global
	GlobalSection(SolutionConfigurationPlatforms) = preSolution
		Debug|Any CPU = Debug|Any CPU
		Release|Any CPU = Release|Any CPU
	EndGlobalSection
	GlobalSection(ProjectConfigurationPlatforms) = postSolution
		{D743D1DC-F2AB-4461-B078-5E35C1D6F51F}.Debug|Any CPU.ActiveCfg = Debug|Any CPU
		{D743D1DC-F2AB-4461-B078-5E35C1D6F51F}.Debug|Any CPU.Build.0 = Debug|Any CPU
		{D743D1DC-F2AB-4461-B078-5E35C1D6F51F}.Release|Any CPU.ActiveCfg = Release|Any CPU
		{D743D1DC-F2AB-4461-B078-5E35C1D6F51F}.Release|Any CPU.Build.0 = Release|Any CPU
	EndGlobalSection
	GlobalSection(SolutionProperties) = preSolution
		HideSolutionNode = FALSE
	EndGlobalSection
	GlobalSection(ExtensibilityGlobals) = postSolution
		SolutionGuid = {94865B2F-C25B-4F6D-A898-6F77602C3734}
	EndGlobalSection
EndGlobal
