
Microsoft Visual Studio Solution File, Format Version 12.00
# Visual Studio Version 17
VisualStudioVersion = 17.14.36414.22 d17.14
MinimumVisualStudioVersion = 10.0.40219.1
Project("{FAE04EC0-301F-11D3-BF4B-00C04F79EFBC}") = "Ubod_BasicAbstraction", "Ubod_BasicAbstraction\Ubod_BasicAbstraction.csproj", "{D556A6AB-39A0-4596-AC9E-B5224A110810}"
EndProject
Global
	GlobalSection(SolutionConfigurationPlatforms) = preSolution
		Debug|Any CPU = Debug|Any CPU
		Release|Any CPU = Release|Any CPU
	EndGlobalSection
	GlobalSection(ProjectConfigurationPlatforms) = postSolution
		{D556A6AB-39A0-4596-AC9E-B5224A110810}.Debug|Any CPU.ActiveCfg = Debug|Any CPU
		{D556A6AB-39A0-4596-AC9E-B5224A110810}.Debug|Any CPU.Build.0 = Debug|Any CPU
		{D556A6AB-39A0-4596-AC9E-B5224A110810}.Release|Any CPU.ActiveCfg = Release|Any CPU
		{D556A6AB-39A0-4596-AC9E-B5224A110810}.Release|Any CPU.Build.0 = Release|Any CPU
	EndGlobalSection
	GlobalSection(SolutionProperties) = preSolution
		HideSolutionNode = FALSE
	EndGlobalSection
	GlobalSection(ExtensibilityGlobals) = postSolution
		SolutionGuid = {644676C8-8E1A-41AC-908B-738D6642E00B}
	EndGlobalSection
EndGlobal
