
Microsoft Visual Studio Solution File, Format Version 12.00
# Visual Studio Version 17
VisualStudioVersion = 17.14.36414.22 d17.14
MinimumVisualStudioVersion = 10.0.40219.1
Project("{FAE04EC0-301F-11D3-BF4B-00C04F79EFBC}") = "Ubod_OOPConcepts", "Ubod_OOPConcepts\Ubod_OOPConcepts.csproj", "{AFBDF2F2-86D5-4AC4-8716-8BCE488308EF}"
EndProject
Global
	GlobalSection(SolutionConfigurationPlatforms) = preSolution
		Debug|Any CPU = Debug|Any CPU
		Release|Any CPU = Release|Any CPU
	EndGlobalSection
	GlobalSection(ProjectConfigurationPlatforms) = postSolution
		{AFBDF2F2-86D5-4AC4-8716-8BCE488308EF}.Debug|Any CPU.ActiveCfg = Debug|Any CPU
		{AFBDF2F2-86D5-4AC4-8716-8BCE488308EF}.Debug|Any CPU.Build.0 = Debug|Any CPU
		{AFBDF2F2-86D5-4AC4-8716-8BCE488308EF}.Release|Any CPU.ActiveCfg = Release|Any CPU
		{AFBDF2F2-86D5-4AC4-8716-8BCE488308EF}.Release|Any CPU.Build.0 = Release|Any CPU
	EndGlobalSection
	GlobalSection(SolutionProperties) = preSolution
		HideSolutionNode = FALSE
	EndGlobalSection
	GlobalSection(ExtensibilityGlobals) = postSolution
		SolutionGuid = {E1242791-001F-4BC3-A7D8-B5ECA31105B0}
	EndGlobalSection
EndGlobal
